
Microsoft Visual Studio Solution File, Format Version 12.00
# Visual Studio Version 16
VisualStudioVersion = 16.0.30523.141
MinimumVisualStudioVersion = 10.0.40219.1
Project("{FAE04EC0-301F-11D3-BF4B-00C04F79EFBC}") = "Gyan", "Gyan\Gyan.csproj", "{FFBA1B9E-1538-4A58-9D1A-229EBCEFE55A}"
EndProject
Global
	GlobalSection(SolutionConfigurationPlatforms) = preSolution
		Debug|Any CPU = Debug|Any CPU
		Release|Any CPU = Release|Any CPU
	EndGlobalSection
	GlobalSection(ProjectConfigurationPlatforms) = postSolution
		{FFBA1B9E-1538-4A58-9D1A-229EBCEFE55A}.Debug|Any CPU.ActiveCfg = Debug|Any CPU
		{FFBA1B9E-1538-4A58-9D1A-229EBCEFE55A}.Debug|Any CPU.Build.0 = Debug|Any CPU
		{FFBA1B9E-1538-4A58-9D1A-229EBCEFE55A}.Release|Any CPU.ActiveCfg = Release|Any CPU
		{FFBA1B9E-1538-4A58-9D1A-229EBCEFE55A}.Release|Any CPU.Build.0 = Release|Any CPU
	EndGlobalSection
	GlobalSection(SolutionProperties) = preSolution
		HideSolutionNode = FALSE
	EndGlobalSection
	GlobalSection(ExtensibilityGlobals) = postSolution
		SolutionGuid = {6063B924-77E1-4A19-B9B0-A07F48E87D94}
	EndGlobalSection
EndGlobal
